{
  "name": "autosbom-demo-target",
  "version": "1.0.0",
  "lockfileVersion": 1,
  "requires": true,
  "dependencies": {
    "lodash": { "version": "4.17.15" },
    "minimist": { "version": "0.0.8" },
    "node-forge": { "version": "0.6.0" },
    "express": { "version": "4.16.0" },
    "axios": { "version": "0.18.0" },
    "yargs-parser": { "version": "5.0.0" }
  }
}
